
Microsoft Visual Studio Solution File, Format Version 12.00
# Visual Studio 15
Project("{FAE04EC0-301F-11D3-BF4B-00C04F79EFBC}") = "Assembly-CSharp-firstpass", "Assembly-CSharp-firstpass.csproj", "{BA3B1792-5F04-1A20-FB1A-C47CAB3C13B9}"
EndProject
Project("{FAE04EC0-301F-11D3-BF4B-00C04F79EFBC}") = "Oculus.Platform", "Oculus.Platform.csproj", "{F187A627-55A6-7FEF-C198-6025D530AF6C}"
EndProject
Project("{FAE04EC0-301F-11D3-BF4B-00C04F79EFBC}") = "Assembly-CSharp", "Assembly-CSharp.csproj", "{C198BC69-2887-D539-9395-4F4791FBE726}"
EndProject
Project("{FAE04EC0-301F-11D3-BF4B-00C04F79EFBC}") = "Oculus.Interaction", "Oculus.Interaction.csproj", "{F07D0D25-0523-FCA8-3581-9B7950FA88F1}"
EndProject
Project("{FAE04EC0-301F-11D3-BF4B-00C04F79EFBC}") = "Oculus.VR", "Oculus.VR.csproj", "{3E986E86-F864-261B-5536-30930A905364}"
EndProject
Project("{FAE04EC0-301F-11D3-BF4B-00C04F79EFBC}") = "VoiceSDK.Dictation.Runtime", "VoiceSDK.Dictation.Runtime.csproj", "{CC7965F9-A03E-9CE7-0466-C2205F402095}"
EndProject
Project("{FAE04EC0-301F-11D3-BF4B-00C04F79EFBC}") = "VoiceSDK.Runtime", "VoiceSDK.Runtime.csproj", "{74A6B043-A0EB-B258-E824-056FC7BAB317}"
EndProject
Project("{FAE04EC0-301F-11D3-BF4B-00C04F79EFBC}") = "Meta.WitAi", "Meta.WitAi.csproj", "{28ABCCBF-3358-DE18-CF75-835311C20364}"
EndProject
Project("{FAE04EC0-301F-11D3-BF4B-00C04F79EFBC}") = "Oculus.Interaction.OVR.Samples", "Oculus.Interaction.OVR.Samples.csproj", "{7B8E8743-5597-69C7-B965-D369B5A8B6BC}"
EndProject
Project("{FAE04EC0-301F-11D3-BF4B-00C04F79EFBC}") = "Meta.WitAi.TTS.Samples", "Meta.WitAi.TTS.Samples.csproj", "{5D31FCA1-B8AA-C0FA-894C-623ECB96F5B8}"
EndProject
Project("{FAE04EC0-301F-11D3-BF4B-00C04F79EFBC}") = "Oculus.Voice.Demo", "Oculus.Voice.Demo.csproj", "{D2565C86-B675-A909-994B-DF47B0717F6F}"
EndProject
Project("{FAE04EC0-301F-11D3-BF4B-00C04F79EFBC}") = "Meta.WitAi.Lib", "Meta.WitAi.Lib.csproj", "{35F9CAE0-E91F-E469-795D-F41546C800A1}"
EndProject
Project("{FAE04EC0-301F-11D3-BF4B-00C04F79EFBC}") = "Oculus.Interaction.OVR", "Oculus.Interaction.OVR.csproj", "{07399CED-3CF9-5FFB-E46F-8C43AE13BA92}"
EndProject
Project("{FAE04EC0-301F-11D3-BF4B-00C04F79EFBC}") = "AssistantCoreSDKRuntime", "AssistantCoreSDKRuntime.csproj", "{F47AB6EC-9DB2-7362-9973-22F3BBFC1A58}"
EndProject
Project("{FAE04EC0-301F-11D3-BF4B-00C04F79EFBC}") = "Meta.WitAi.Conduit", "Meta.WitAi.Conduit.csproj", "{FDB87EDB-BAD1-45CD-EB09-12CF7E0A3759}"
EndProject
Project("{FAE04EC0-301F-11D3-BF4B-00C04F79EFBC}") = "Oculus.AudioManager", "Oculus.AudioManager.csproj", "{959DE460-F27A-1344-6DE8-3DBD876F27D9}"
EndProject
Project("{FAE04EC0-301F-11D3-BF4B-00C04F79EFBC}") = "Oculus.LipSync", "Oculus.LipSync.csproj", "{A83F5046-9ED8-BBFE-EBBD-1FB42240FF5C}"
EndProject
Project("{FAE04EC0-301F-11D3-BF4B-00C04F79EFBC}") = "Oculus.Spatializer", "Oculus.Spatializer.csproj", "{AD7B2D89-5D9F-5B39-751F-CBB2975CAAD5}"
EndProject
Project("{FAE04EC0-301F-11D3-BF4B-00C04F79EFBC}") = "Meta.VoiceSDK.Mic.Other", "Meta.VoiceSDK.Mic.Other.csproj", "{F2538AE6-198E-F9C2-B622-D4EBE82654AE}"
EndProject
Project("{FAE04EC0-301F-11D3-BF4B-00C04F79EFBC}") = "Meta.VoiceSDK.Mic.Common", "Meta.VoiceSDK.Mic.Common.csproj", "{23ECA192-130B-A1E7-720D-22AD2A6107D2}"
EndProject
Project("{FAE04EC0-301F-11D3-BF4B-00C04F79EFBC}") = "Facebook.Wit.Dictation", "Facebook.Wit.Dictation.csproj", "{3AFEF592-208B-714F-F9C0-596A3857738C}"
EndProject
Project("{FAE04EC0-301F-11D3-BF4B-00C04F79EFBC}") = "Meta.WitAi.TTS", "Meta.WitAi.TTS.csproj", "{CC0F9E3F-B3C9-3D70-E162-2F0091FD23F8}"
EndProject
Project("{FAE04EC0-301F-11D3-BF4B-00C04F79EFBC}") = "Meta.WitAi.Editor", "Meta.WitAi.Editor.csproj", "{4913F90A-FE32-CDAE-7CAF-78C359A5598C}"
EndProject
Project("{FAE04EC0-301F-11D3-BF4B-00C04F79EFBC}") = "Meta.WitAI.Lib.Editor", "Meta.WitAI.Lib.Editor.csproj", "{653FA892-A4F3-FB22-A40F-035C075C26F9}"
EndProject
Project("{FAE04EC0-301F-11D3-BF4B-00C04F79EFBC}") = "Oculus.VR.Editor", "Oculus.VR.Editor.csproj", "{24B98D96-CB4B-0DEC-1485-2407839A4368}"
EndProject
Project("{FAE04EC0-301F-11D3-BF4B-00C04F79EFBC}") = "Meta.WitAi.Conduit.Editor", "Meta.WitAi.Conduit.Editor.csproj", "{8CF6E322-796C-95C6-C6D1-87B84C96DE28}"
EndProject
Project("{FAE04EC0-301F-11D3-BF4B-00C04F79EFBC}") = "Oculus.Interaction.Editor", "Oculus.Interaction.Editor.csproj", "{B3AED603-D496-93AE-AE93-0453A60BBF69}"
EndProject
Project("{FAE04EC0-301F-11D3-BF4B-00C04F79EFBC}") = "Oculus.Interaction.OVR.Editor", "Oculus.Interaction.OVR.Editor.csproj", "{9329814E-8605-871A-6B0D-DE70917C1571}"
EndProject
Project("{FAE04EC0-301F-11D3-BF4B-00C04F79EFBC}") = "Assembly-CSharp-Editor", "Assembly-CSharp-Editor.csproj", "{F0363D99-EEAF-54DE-770E-76062459815D}"
EndProject
Project("{FAE04EC0-301F-11D3-BF4B-00C04F79EFBC}") = "Oculus.VR.Scripts.Editor", "Oculus.VR.Scripts.Editor.csproj", "{6FE2077F-0DB1-74E2-BABC-BE0FA7E17FBB}"
EndProject
Project("{FAE04EC0-301F-11D3-BF4B-00C04F79EFBC}") = "Oculus.Spatializer.Editor", "Oculus.Spatializer.Editor.csproj", "{2FBA3519-F308-52A9-B2D3-66A10024CC9D}"
EndProject
Project("{FAE04EC0-301F-11D3-BF4B-00C04F79EFBC}") = "Meta.WitAi.TTS.Editor", "Meta.WitAi.TTS.Editor.csproj", "{6C9D9624-B0FB-EC6D-B389-86F2A2243FF1}"
EndProject
Project("{FAE04EC0-301F-11D3-BF4B-00C04F79EFBC}") = "Assembly-CSharp-Editor-firstpass", "Assembly-CSharp-Editor-firstpass.csproj", "{D50DE7E1-AEB8-D7C9-E3B5-CEC28AD396D6}"
EndProject
Project("{FAE04EC0-301F-11D3-BF4B-00C04F79EFBC}") = "VoiceSDK.Dictation.Editor", "VoiceSDK.Dictation.Editor.csproj", "{6D5B751C-11E9-8458-D446-1B8D63540491}"
EndProject
Project("{FAE04EC0-301F-11D3-BF4B-00C04F79EFBC}") = "Oculus.Platform.Editor", "Oculus.Platform.Editor.csproj", "{F38FD116-4A55-92D4-2D8F-A82D739886F6}"
EndProject
Project("{FAE04EC0-301F-11D3-BF4B-00C04F79EFBC}") = "VoiceSDK.Editor", "VoiceSDK.Editor.csproj", "{1A50250F-8ABE-CA5D-B5CE-7F0C2CA0E6E1}"
EndProject
Project("{FAE04EC0-301F-11D3-BF4B-00C04F79EFBC}") = "Oculus.AudioManager.Audio.Editor", "Oculus.AudioManager.Audio.Editor.csproj", "{1D14DEEB-EF6B-1B44-A05C-4D2580A3453C}"
EndProject
Project("{FAE04EC0-301F-11D3-BF4B-00C04F79EFBC}") = "Oculus.LipSync.Editor", "Oculus.LipSync.Editor.csproj", "{5D940485-C1AF-5B02-E6C8-0DD6A3F80989}"
EndProject
Project("{FAE04EC0-301F-11D3-BF4B-00C04F79EFBC}") = "Oculus.AudioManager.Utils.Editor", "Oculus.AudioManager.Utils.Editor.csproj", "{34448EDF-4EE8-87A2-C5ED-261C0A7A1312}"
EndProject
Project("{FAE04EC0-301F-11D3-BF4B-00C04F79EFBC}") = "Oculus.Interaction.Samples.Editor", "Oculus.Interaction.Samples.Editor.csproj", "{23621DBD-9C19-D4D0-F0E4-A0CE6D5C0E22}"
EndProject
Project("{FAE04EC0-301F-11D3-BF4B-00C04F79EFBC}") = "Facebook.Wit.Dictation.Editor", "Facebook.Wit.Dictation.Editor.csproj", "{33486AF4-EF90-225B-7F43-3CC825B59492}"
EndProject
Project("{FAE04EC0-301F-11D3-BF4B-00C04F79EFBC}") = "Oculus.Interaction.InterfaceSupport", "Oculus.Interaction.InterfaceSupport.csproj", "{48ED83C9-F97D-55AF-46BD-8C16D4B4DB32}"
EndProject
Project("{FAE04EC0-301F-11D3-BF4B-00C04F79EFBC}") = "AssistantCoreSDKEditor", "AssistantCoreSDKEditor.csproj", "{F8661B0E-6988-3D4D-D155-66EA30C20382}"
EndProject
Global
	GlobalSection(SolutionConfigurationPlatforms) = preSolution
		Debug|Any CPU = Debug|Any CPU
		Release|Any CPU = Release|Any CPU
	EndGlobalSection
	GlobalSection(ProjectConfigurationPlatforms) = postSolution
		{BA3B1792-5F04-1A20-FB1A-C47CAB3C13B9}.Debug|Any CPU.ActiveCfg = Debug|Any CPU
		{BA3B1792-5F04-1A20-FB1A-C47CAB3C13B9}.Debug|Any CPU.Build.0 = Debug|Any CPU
		{BA3B1792-5F04-1A20-FB1A-C47CAB3C13B9}.Release|Any CPU.ActiveCfg = Release|Any CPU
		{BA3B1792-5F04-1A20-FB1A-C47CAB3C13B9}.Release|Any CPU.Build.0 = Release|Any CPU
		{F187A627-55A6-7FEF-C198-6025D530AF6C}.Debug|Any CPU.ActiveCfg = Debug|Any CPU
		{F187A627-55A6-7FEF-C198-6025D530AF6C}.Debug|Any CPU.Build.0 = Debug|Any CPU
		{F187A627-55A6-7FEF-C198-6025D530AF6C}.Release|Any CPU.ActiveCfg = Release|Any CPU
		{F187A627-55A6-7FEF-C198-6025D530AF6C}.Release|Any CPU.Build.0 = Release|Any CPU
		{C198BC69-2887-D539-9395-4F4791FBE726}.Debug|Any CPU.ActiveCfg = Debug|Any CPU
		{C198BC69-2887-D539-9395-4F4791FBE726}.Debug|Any CPU.Build.0 = Debug|Any CPU
		{C198BC69-2887-D539-9395-4F4791FBE726}.Release|Any CPU.ActiveCfg = Release|Any CPU
		{C198BC69-2887-D539-9395-4F4791FBE726}.Release|Any CPU.Build.0 = Release|Any CPU
		{F07D0D25-0523-FCA8-3581-9B7950FA88F1}.Debug|Any CPU.ActiveCfg = Debug|Any CPU
		{F07D0D25-0523-FCA8-3581-9B7950FA88F1}.Debug|Any CPU.Build.0 = Debug|Any CPU
		{F07D0D25-0523-FCA8-3581-9B7950FA88F1}.Release|Any CPU.ActiveCfg = Release|Any CPU
		{F07D0D25-0523-FCA8-3581-9B7950FA88F1}.Release|Any CPU.Build.0 = Release|Any CPU
		{3E986E86-F864-261B-5536-30930A905364}.Debug|Any CPU.ActiveCfg = Debug|Any CPU
		{3E986E86-F864-261B-5536-30930A905364}.Debug|Any CPU.Build.0 = Debug|Any CPU
		{3E986E86-F864-261B-5536-30930A905364}.Release|Any CPU.ActiveCfg = Release|Any CPU
		{3E986E86-F864-261B-5536-30930A905364}.Release|Any CPU.Build.0 = Release|Any CPU
		{CC7965F9-A03E-9CE7-0466-C2205F402095}.Debug|Any CPU.ActiveCfg = Debug|Any CPU
		{CC7965F9-A03E-9CE7-0466-C2205F402095}.Debug|Any CPU.Build.0 = Debug|Any CPU
		{CC7965F9-A03E-9CE7-0466-C2205F402095}.Release|Any CPU.ActiveCfg = Release|Any CPU
		{CC7965F9-A03E-9CE7-0466-C2205F402095}.Release|Any CPU.Build.0 = Release|Any CPU
		{74A6B043-A0EB-B258-E824-056FC7BAB317}.Debug|Any CPU.ActiveCfg = Debug|Any CPU
		{74A6B043-A0EB-B258-E824-056FC7BAB317}.Debug|Any CPU.Build.0 = Debug|Any CPU
		{74A6B043-A0EB-B258-E824-056FC7BAB317}.Release|Any CPU.ActiveCfg = Release|Any CPU
		{74A6B043-A0EB-B258-E824-056FC7BAB317}.Release|Any CPU.Build.0 = Release|Any CPU
		{28ABCCBF-3358-DE18-CF75-835311C20364}.Debug|Any CPU.ActiveCfg = Debug|Any CPU
		{28ABCCBF-3358-DE18-CF75-835311C20364}.Debug|Any CPU.Build.0 = Debug|Any CPU
		{28ABCCBF-3358-DE18-CF75-835311C20364}.Release|Any CPU.ActiveCfg = Release|Any CPU
		{28ABCCBF-3358-DE18-CF75-835311C20364}.Release|Any CPU.Build.0 = Release|Any CPU
		{7B8E8743-5597-69C7-B965-D369B5A8B6BC}.Debug|Any CPU.ActiveCfg = Debug|Any CPU
		{7B8E8743-5597-69C7-B965-D369B5A8B6BC}.Debug|Any CPU.Build.0 = Debug|Any CPU
		{7B8E8743-5597-69C7-B965-D369B5A8B6BC}.Release|Any CPU.ActiveCfg = Release|Any CPU
		{7B8E8743-5597-69C7-B965-D369B5A8B6BC}.Release|Any CPU.Build.0 = Release|Any CPU
		{5D31FCA1-B8AA-C0FA-894C-623ECB96F5B8}.Debug|Any CPU.ActiveCfg = Debug|Any CPU
		{5D31FCA1-B8AA-C0FA-894C-623ECB96F5B8}.Debug|Any CPU.Build.0 = Debug|Any CPU
		{5D31FCA1-B8AA-C0FA-894C-623ECB96F5B8}.Release|Any CPU.ActiveCfg = Release|Any CPU
		{5D31FCA1-B8AA-C0FA-894C-623ECB96F5B8}.Release|Any CPU.Build.0 = Release|Any CPU
		{D2565C86-B675-A909-994B-DF47B0717F6F}.Debug|Any CPU.ActiveCfg = Debug|Any CPU
		{D2565C86-B675-A909-994B-DF47B0717F6F}.Debug|Any CPU.Build.0 = Debug|Any CPU
		{D2565C86-B675-A909-994B-DF47B0717F6F}.Release|Any CPU.ActiveCfg = Release|Any CPU
		{D2565C86-B675-A909-994B-DF47B0717F6F}.Release|Any CPU.Build.0 = Release|Any CPU
		{35F9CAE0-E91F-E469-795D-F41546C800A1}.Debug|Any CPU.ActiveCfg = Debug|Any CPU
		{35F9CAE0-E91F-E469-795D-F41546C800A1}.Debug|Any CPU.Build.0 = Debug|Any CPU
		{35F9CAE0-E91F-E469-795D-F41546C800A1}.Release|Any CPU.ActiveCfg = Release|Any CPU
		{35F9CAE0-E91F-E469-795D-F41546C800A1}.Release|Any CPU.Build.0 = Release|Any CPU
		{07399CED-3CF9-5FFB-E46F-8C43AE13BA92}.Debug|Any CPU.ActiveCfg = Debug|Any CPU
		{07399CED-3CF9-5FFB-E46F-8C43AE13BA92}.Debug|Any CPU.Build.0 = Debug|Any CPU
		{07399CED-3CF9-5FFB-E46F-8C43AE13BA92}.Release|Any CPU.ActiveCfg = Release|Any CPU
		{07399CED-3CF9-5FFB-E46F-8C43AE13BA92}.Release|Any CPU.Build.0 = Release|Any CPU
		{F47AB6EC-9DB2-7362-9973-22F3BBFC1A58}.Debug|Any CPU.ActiveCfg = Debug|Any CPU
		{F47AB6EC-9DB2-7362-9973-22F3BBFC1A58}.Debug|Any CPU.Build.0 = Debug|Any CPU
		{F47AB6EC-9DB2-7362-9973-22F3BBFC1A58}.Release|Any CPU.ActiveCfg = Release|Any CPU
		{F47AB6EC-9DB2-7362-9973-22F3BBFC1A58}.Release|Any CPU.Build.0 = Release|Any CPU
		{FDB87EDB-BAD1-45CD-EB09-12CF7E0A3759}.Debug|Any CPU.ActiveCfg = Debug|Any CPU
		{FDB87EDB-BAD1-45CD-EB09-12CF7E0A3759}.Debug|Any CPU.Build.0 = Debug|Any CPU
		{FDB87EDB-BAD1-45CD-EB09-12CF7E0A3759}.Release|Any CPU.ActiveCfg = Release|Any CPU
		{FDB87EDB-BAD1-45CD-EB09-12CF7E0A3759}.Release|Any CPU.Build.0 = Release|Any CPU
		{959DE460-F27A-1344-6DE8-3DBD876F27D9}.Debug|Any CPU.ActiveCfg = Debug|Any CPU
		{959DE460-F27A-1344-6DE8-3DBD876F27D9}.Debug|Any CPU.Build.0 = Debug|Any CPU
		{959DE460-F27A-1344-6DE8-3DBD876F27D9}.Release|Any CPU.ActiveCfg = Release|Any CPU
		{959DE460-F27A-1344-6DE8-3DBD876F27D9}.Release|Any CPU.Build.0 = Release|Any CPU
		{A83F5046-9ED8-BBFE-EBBD-1FB42240FF5C}.Debug|Any CPU.ActiveCfg = Debug|Any CPU
		{A83F5046-9ED8-BBFE-EBBD-1FB42240FF5C}.Debug|Any CPU.Build.0 = Debug|Any CPU
		{A83F5046-9ED8-BBFE-EBBD-1FB42240FF5C}.Release|Any CPU.ActiveCfg = Release|Any CPU
		{A83F5046-9ED8-BBFE-EBBD-1FB42240FF5C}.Release|Any CPU.Build.0 = Release|Any CPU
		{AD7B2D89-5D9F-5B39-751F-CBB2975CAAD5}.Debug|Any CPU.ActiveCfg = Debug|Any CPU
		{AD7B2D89-5D9F-5B39-751F-CBB2975CAAD5}.Debug|Any CPU.Build.0 = Debug|Any CPU
		{AD7B2D89-5D9F-5B39-751F-CBB2975CAAD5}.Release|Any CPU.ActiveCfg = Release|Any CPU
		{AD7B2D89-5D9F-5B39-751F-CBB2975CAAD5}.Release|Any CPU.Build.0 = Release|Any CPU
		{F2538AE6-198E-F9C2-B622-D4EBE82654AE}.Debug|Any CPU.ActiveCfg = Debug|Any CPU
		{F2538AE6-198E-F9C2-B622-D4EBE82654AE}.Debug|Any CPU.Build.0 = Debug|Any CPU
		{F2538AE6-198E-F9C2-B622-D4EBE82654AE}.Release|Any CPU.ActiveCfg = Release|Any CPU
		{F2538AE6-198E-F9C2-B622-D4EBE82654AE}.Release|Any CPU.Build.0 = Release|Any CPU
		{23ECA192-130B-A1E7-720D-22AD2A6107D2}.Debug|Any CPU.ActiveCfg = Debug|Any CPU
		{23ECA192-130B-A1E7-720D-22AD2A6107D2}.Debug|Any CPU.Build.0 = Debug|Any CPU
		{23ECA192-130B-A1E7-720D-22AD2A6107D2}.Release|Any CPU.ActiveCfg = Release|Any CPU
		{23ECA192-130B-A1E7-720D-22AD2A6107D2}.Release|Any CPU.Build.0 = Release|Any CPU
		{3AFEF592-208B-714F-F9C0-596A3857738C}.Debug|Any CPU.ActiveCfg = Debug|Any CPU
		{3AFEF592-208B-714F-F9C0-596A3857738C}.Debug|Any CPU.Build.0 = Debug|Any CPU
		{3AFEF592-208B-714F-F9C0-596A3857738C}.Release|Any CPU.ActiveCfg = Release|Any CPU
		{3AFEF592-208B-714F-F9C0-596A3857738C}.Release|Any CPU.Build.0 = Release|Any CPU
		{CC0F9E3F-B3C9-3D70-E162-2F0091FD23F8}.Debug|Any CPU.ActiveCfg = Debug|Any CPU
		{CC0F9E3F-B3C9-3D70-E162-2F0091FD23F8}.Debug|Any CPU.Build.0 = Debug|Any CPU
		{CC0F9E3F-B3C9-3D70-E162-2F0091FD23F8}.Release|Any CPU.ActiveCfg = Release|Any CPU
		{CC0F9E3F-B3C9-3D70-E162-2F0091FD23F8}.Release|Any CPU.Build.0 = Release|Any CPU
		{4913F90A-FE32-CDAE-7CAF-78C359A5598C}.Debug|Any CPU.ActiveCfg = Debug|Any CPU
		{4913F90A-FE32-CDAE-7CAF-78C359A5598C}.Debug|Any CPU.Build.0 = Debug|Any CPU
		{4913F90A-FE32-CDAE-7CAF-78C359A5598C}.Release|Any CPU.ActiveCfg = Release|Any CPU
		{4913F90A-FE32-CDAE-7CAF-78C359A5598C}.Release|Any CPU.Build.0 = Release|Any CPU
		{653FA892-A4F3-FB22-A40F-035C075C26F9}.Debug|Any CPU.ActiveCfg = Debug|Any CPU
		{653FA892-A4F3-FB22-A40F-035C075C26F9}.Debug|Any CPU.Build.0 = Debug|Any CPU
		{653FA892-A4F3-FB22-A40F-035C075C26F9}.Release|Any CPU.ActiveCfg = Release|Any CPU
		{653FA892-A4F3-FB22-A40F-035C075C26F9}.Release|Any CPU.Build.0 = Release|Any CPU
		{24B98D96-CB4B-0DEC-1485-2407839A4368}.Debug|Any CPU.ActiveCfg = Debug|Any CPU
		{24B98D96-CB4B-0DEC-1485-2407839A4368}.Debug|Any CPU.Build.0 = Debug|Any CPU
		{24B98D96-CB4B-0DEC-1485-2407839A4368}.Release|Any CPU.ActiveCfg = Release|Any CPU
		{24B98D96-CB4B-0DEC-1485-2407839A4368}.Release|Any CPU.Build.0 = Release|Any CPU
		{8CF6E322-796C-95C6-C6D1-87B84C96DE28}.Debug|Any CPU.ActiveCfg = Debug|Any CPU
		{8CF6E322-796C-95C6-C6D1-87B84C96DE28}.Debug|Any CPU.Build.0 = Debug|Any CPU
		{8CF6E322-796C-95C6-C6D1-87B84C96DE28}.Release|Any CPU.ActiveCfg = Release|Any CPU
		{8CF6E322-796C-95C6-C6D1-87B84C96DE28}.Release|Any CPU.Build.0 = Release|Any CPU
		{B3AED603-D496-93AE-AE93-0453A60BBF69}.Debug|Any CPU.ActiveCfg = Debug|Any CPU
		{B3AED603-D496-93AE-AE93-0453A60BBF69}.Debug|Any CPU.Build.0 = Debug|Any CPU
		{B3AED603-D496-93AE-AE93-0453A60BBF69}.Release|Any CPU.ActiveCfg = Release|Any CPU
		{B3AED603-D496-93AE-AE93-0453A60BBF69}.Release|Any CPU.Build.0 = Release|Any CPU
		{9329814E-8605-871A-6B0D-DE70917C1571}.Debug|Any CPU.ActiveCfg = Debug|Any CPU
		{9329814E-8605-871A-6B0D-DE70917C1571}.Debug|Any CPU.Build.0 = Debug|Any CPU
		{9329814E-8605-871A-6B0D-DE70917C1571}.Release|Any CPU.ActiveCfg = Release|Any CPU
		{9329814E-8605-871A-6B0D-DE70917C1571}.Release|Any CPU.Build.0 = Release|Any CPU
		{F0363D99-EEAF-54DE-770E-76062459815D}.Debug|Any CPU.ActiveCfg = Debug|Any CPU
		{F0363D99-EEAF-54DE-770E-76062459815D}.Debug|Any CPU.Build.0 = Debug|Any CPU
		{F0363D99-EEAF-54DE-770E-76062459815D}.Release|Any CPU.ActiveCfg = Release|Any CPU
		{F0363D99-EEAF-54DE-770E-76062459815D}.Release|Any CPU.Build.0 = Release|Any CPU
		{6FE2077F-0DB1-74E2-BABC-BE0FA7E17FBB}.Debug|Any CPU.ActiveCfg = Debug|Any CPU
		{6FE2077F-0DB1-74E2-BABC-BE0FA7E17FBB}.Debug|Any CPU.Build.0 = Debug|Any CPU
		{6FE2077F-0DB1-74E2-BABC-BE0FA7E17FBB}.Release|Any CPU.ActiveCfg = Release|Any CPU
		{6FE2077F-0DB1-74E2-BABC-BE0FA7E17FBB}.Release|Any CPU.Build.0 = Release|Any CPU
		{2FBA3519-F308-52A9-B2D3-66A10024CC9D}.Debug|Any CPU.ActiveCfg = Debug|Any CPU
		{2FBA3519-F308-52A9-B2D3-66A10024CC9D}.Debug|Any CPU.Build.0 = Debug|Any CPU
		{2FBA3519-F308-52A9-B2D3-66A10024CC9D}.Release|Any CPU.ActiveCfg = Release|Any CPU
		{2FBA3519-F308-52A9-B2D3-66A10024CC9D}.Release|Any CPU.Build.0 = Release|Any CPU
		{6C9D9624-B0FB-EC6D-B389-86F2A2243FF1}.Debug|Any CPU.ActiveCfg = Debug|Any CPU
		{6C9D9624-B0FB-EC6D-B389-86F2A2243FF1}.Debug|Any CPU.Build.0 = Debug|Any CPU
		{6C9D9624-B0FB-EC6D-B389-86F2A2243FF1}.Release|Any CPU.ActiveCfg = Release|Any CPU
		{6C9D9624-B0FB-EC6D-B389-86F2A2243FF1}.Release|Any CPU.Build.0 = Release|Any CPU
		{D50DE7E1-AEB8-D7C9-E3B5-CEC28AD396D6}.Debug|Any CPU.ActiveCfg = Debug|Any CPU
		{D50DE7E1-AEB8-D7C9-E3B5-CEC28AD396D6}.Debug|Any CPU.Build.0 = Debug|Any CPU
		{D50DE7E1-AEB8-D7C9-E3B5-CEC28AD396D6}.Release|Any CPU.ActiveCfg = Release|Any CPU
		{D50DE7E1-AEB8-D7C9-E3B5-CEC28AD396D6}.Release|Any CPU.Build.0 = Release|Any CPU
		{6D5B751C-11E9-8458-D446-1B8D63540491}.Debug|Any CPU.ActiveCfg = Debug|Any CPU
		{6D5B751C-11E9-8458-D446-1B8D63540491}.Debug|Any CPU.Build.0 = Debug|Any CPU
		{6D5B751C-11E9-8458-D446-1B8D63540491}.Release|Any CPU.ActiveCfg = Release|Any CPU
		{6D5B751C-11E9-8458-D446-1B8D63540491}.Release|Any CPU.Build.0 = Release|Any CPU
		{F38FD116-4A55-92D4-2D8F-A82D739886F6}.Debug|Any CPU.ActiveCfg = Debug|Any CPU
		{F38FD116-4A55-92D4-2D8F-A82D739886F6}.Debug|Any CPU.Build.0 = Debug|Any CPU
		{F38FD116-4A55-92D4-2D8F-A82D739886F6}.Release|Any CPU.ActiveCfg = Release|Any CPU
		{F38FD116-4A55-92D4-2D8F-A82D739886F6}.Release|Any CPU.Build.0 = Release|Any CPU
		{1A50250F-8ABE-CA5D-B5CE-7F0C2CA0E6E1}.Debug|Any CPU.ActiveCfg = Debug|Any CPU
		{1A50250F-8ABE-CA5D-B5CE-7F0C2CA0E6E1}.Debug|Any CPU.Build.0 = Debug|Any CPU
		{1A50250F-8ABE-CA5D-B5CE-7F0C2CA0E6E1}.Release|Any CPU.ActiveCfg = Release|Any CPU
		{1A50250F-8ABE-CA5D-B5CE-7F0C2CA0E6E1}.Release|Any CPU.Build.0 = Release|Any CPU
		{1D14DEEB-EF6B-1B44-A05C-4D2580A3453C}.Debug|Any CPU.ActiveCfg = Debug|Any CPU
		{1D14DEEB-EF6B-1B44-A05C-4D2580A3453C}.Debug|Any CPU.Build.0 = Debug|Any CPU
		{1D14DEEB-EF6B-1B44-A05C-4D2580A3453C}.Release|Any CPU.ActiveCfg = Release|Any CPU
		{1D14DEEB-EF6B-1B44-A05C-4D2580A3453C}.Release|Any CPU.Build.0 = Release|Any CPU
		{5D940485-C1AF-5B02-E6C8-0DD6A3F80989}.Debug|Any CPU.ActiveCfg = Debug|Any CPU
		{5D940485-C1AF-5B02-E6C8-0DD6A3F80989}.Debug|Any CPU.Build.0 = Debug|Any CPU
		{5D940485-C1AF-5B02-E6C8-0DD6A3F80989}.Release|Any CPU.ActiveCfg = Release|Any CPU
		{5D940485-C1AF-5B02-E6C8-0DD6A3F80989}.Release|Any CPU.Build.0 = Release|Any CPU
		{34448EDF-4EE8-87A2-C5ED-261C0A7A1312}.Debug|Any CPU.ActiveCfg = Debug|Any CPU
		{34448EDF-4EE8-87A2-C5ED-261C0A7A1312}.Debug|Any CPU.Build.0 = Debug|Any CPU
		{34448EDF-4EE8-87A2-C5ED-261C0A7A1312}.Release|Any CPU.ActiveCfg = Release|Any CPU
		{34448EDF-4EE8-87A2-C5ED-261C0A7A1312}.Release|Any CPU.Build.0 = Release|Any CPU
		{23621DBD-9C19-D4D0-F0E4-A0CE6D5C0E22}.Debug|Any CPU.ActiveCfg = Debug|Any CPU
		{23621DBD-9C19-D4D0-F0E4-A0CE6D5C0E22}.Debug|Any CPU.Build.0 = Debug|Any CPU
		{23621DBD-9C19-D4D0-F0E4-A0CE6D5C0E22}.Release|Any CPU.ActiveCfg = Release|Any CPU
		{23621DBD-9C19-D4D0-F0E4-A0CE6D5C0E22}.Release|Any CPU.Build.0 = Release|Any CPU
		{33486AF4-EF90-225B-7F43-3CC825B59492}.Debug|Any CPU.ActiveCfg = Debug|Any CPU
		{33486AF4-EF90-225B-7F43-3CC825B59492}.Debug|Any CPU.Build.0 = Debug|Any CPU
		{33486AF4-EF90-225B-7F43-3CC825B59492}.Release|Any CPU.ActiveCfg = Release|Any CPU
		{33486AF4-EF90-225B-7F43-3CC825B59492}.Release|Any CPU.Build.0 = Release|Any CPU
		{48ED83C9-F97D-55AF-46BD-8C16D4B4DB32}.Debug|Any CPU.ActiveCfg = Debug|Any CPU
		{48ED83C9-F97D-55AF-46BD-8C16D4B4DB32}.Debug|Any CPU.Build.0 = Debug|Any CPU
		{48ED83C9-F97D-55AF-46BD-8C16D4B4DB32}.Release|Any CPU.ActiveCfg = Release|Any CPU
		{48ED83C9-F97D-55AF-46BD-8C16D4B4DB32}.Release|Any CPU.Build.0 = Release|Any CPU
		{F8661B0E-6988-3D4D-D155-66EA30C20382}.Debug|Any CPU.ActiveCfg = Debug|Any CPU
		{F8661B0E-6988-3D4D-D155-66EA30C20382}.Debug|Any CPU.Build.0 = Debug|Any CPU
		{F8661B0E-6988-3D4D-D155-66EA30C20382}.Release|Any CPU.ActiveCfg = Release|Any CPU
		{F8661B0E-6988-3D4D-D155-66EA30C20382}.Release|Any CPU.Build.0 = Release|Any CPU
	EndGlobalSection
	GlobalSection(SolutionProperties) = preSolution
		HideSolutionNode = FALSE
	EndGlobalSection
EndGlobal
